
Microsoft Visual Studio Solution File, Format Version 12.00
# Visual Studio Version 17
VisualStudioVersion = 17.0.31903.59
MinimumVisualStudioVersion = 10.0.40219.1
Project("{2150E333-8FDC-42A3-9474-1A3956D46DE8}") = "src", "src", "{55A84EC3-1A02-4B04-B27C-EC2B4EE938F8}"
EndProject
Project("{FAE04EC0-301F-11D3-BF4B-00C04F79EFBC}") = "ClickerGame.Domain", "src\Domain\ClickerGame.Domain.csproj", "{420D21A1-059D-4FC2-88AB-AE0D12914C90}"
EndProject
Project("{2150E333-8FDC-42A3-9474-1A3956D46DE8}") = "tests", "tests", "{25BC0D0B-99FA-49D2-9796-AA569BFA026A}"
EndProject
Project("{FAE04EC0-301F-11D3-BF4B-00C04F79EFBC}") = "ClickerGame.Tests", "tests\Tests\ClickerGame.Tests.csproj", "{1C0930BF-25CB-4C72-A33B-53FBC6309FED}"
EndProject
Project("{FAE04EC0-301F-11D3-BF4B-00C04F79EFBC}") = "ClickerGame.Runner", "src\Runner\ClickerGame.Runner.csproj", "{EF6FD1CC-4E5D-4A0F-B008-91AE5D8295D3}"
EndProject
Global
	GlobalSection(SolutionConfigurationPlatforms) = preSolution
		Debug|Any CPU = Debug|Any CPU
		Release|Any CPU = Release|Any CPU
	EndGlobalSection
	GlobalSection(SolutionProperties) = preSolution
		HideSolutionNode = FALSE
	EndGlobalSection
	GlobalSection(ProjectConfigurationPlatforms) = postSolution
		{420D21A1-059D-4FC2-88AB-AE0D12914C90}.Debug|Any CPU.ActiveCfg = Debug|Any CPU
		{420D21A1-059D-4FC2-88AB-AE0D12914C90}.Debug|Any CPU.Build.0 = Debug|Any CPU
		{420D21A1-059D-4FC2-88AB-AE0D12914C90}.Release|Any CPU.ActiveCfg = Release|Any CPU
		{420D21A1-059D-4FC2-88AB-AE0D12914C90}.Release|Any CPU.Build.0 = Release|Any CPU
		{1C0930BF-25CB-4C72-A33B-53FBC6309FED}.Debug|Any CPU.ActiveCfg = Debug|Any CPU
		{1C0930BF-25CB-4C72-A33B-53FBC6309FED}.Debug|Any CPU.Build.0 = Debug|Any CPU
		{1C0930BF-25CB-4C72-A33B-53FBC6309FED}.Release|Any CPU.ActiveCfg = Release|Any CPU
		{1C0930BF-25CB-4C72-A33B-53FBC6309FED}.Release|Any CPU.Build.0 = Release|Any CPU
		{EF6FD1CC-4E5D-4A0F-B008-91AE5D8295D3}.Debug|Any CPU.ActiveCfg = Debug|Any CPU
		{EF6FD1CC-4E5D-4A0F-B008-91AE5D8295D3}.Debug|Any CPU.Build.0 = Debug|Any CPU
		{EF6FD1CC-4E5D-4A0F-B008-91AE5D8295D3}.Release|Any CPU.ActiveCfg = Release|Any CPU
		{EF6FD1CC-4E5D-4A0F-B008-91AE5D8295D3}.Release|Any CPU.Build.0 = Release|Any CPU
	EndGlobalSection
	GlobalSection(NestedProjects) = preSolution
		{420D21A1-059D-4FC2-88AB-AE0D12914C90} = {55A84EC3-1A02-4B04-B27C-EC2B4EE938F8}
		{1C0930BF-25CB-4C72-A33B-53FBC6309FED} = {25BC0D0B-99FA-49D2-9796-AA569BFA026A}
		{EF6FD1CC-4E5D-4A0F-B008-91AE5D8295D3} = {55A84EC3-1A02-4B04-B27C-EC2B4EE938F8}
	EndGlobalSection
EndGlobal
